
Microsoft Visual Studio Solution File, Format Version 12.00
# Visual Studio Version 17
VisualStudioVersion = 17.0.31903.59
MinimumVisualStudioVersion = 10.0.40219.1
Project("{9A19103F-16F7-4668-BE54-9A1E7A4F7556}") = "Demo.EventProcessor", "Demo.EventProcessor\Demo.EventProcessor.csproj", "{76C422E3-6C99-410D-908C-D5F53E268D52}"
EndProject
Project("{9A19103F-16F7-4668-BE54-9A1E7A4F7556}") = "Demo.EventSender", "Demo.EventSender\Demo.EventSender.csproj", "{661340C3-2623-4035-8B42-15A5A4951627}"
EndProject
Global
	GlobalSection(SolutionConfigurationPlatforms) = preSolution
		Debug|Any CPU = Debug|Any CPU
		Release|Any CPU = Release|Any CPU
	EndGlobalSection
	GlobalSection(ProjectConfigurationPlatforms) = postSolution
		{76C422E3-6C99-410D-908C-D5F53E268D52}.Debug|Any CPU.ActiveCfg = Debug|Any CPU
		{76C422E3-6C99-410D-908C-D5F53E268D52}.Debug|Any CPU.Build.0 = Debug|Any CPU
		{76C422E3-6C99-410D-908C-D5F53E268D52}.Release|Any CPU.ActiveCfg = Release|Any CPU
		{76C422E3-6C99-410D-908C-D5F53E268D52}.Release|Any CPU.Build.0 = Release|Any CPU
		{661340C3-2623-4035-8B42-15A5A4951627}.Debug|Any CPU.ActiveCfg = Debug|Any CPU
		{661340C3-2623-4035-8B42-15A5A4951627}.Debug|Any CPU.Build.0 = Debug|Any CPU
		{661340C3-2623-4035-8B42-15A5A4951627}.Release|Any CPU.ActiveCfg = Release|Any CPU
		{661340C3-2623-4035-8B42-15A5A4951627}.Release|Any CPU.Build.0 = Release|Any CPU
	EndGlobalSection
	GlobalSection(SolutionProperties) = preSolution
		HideSolutionNode = FALSE
	EndGlobalSection
	GlobalSection(ExtensibilityGlobals) = postSolution
		SolutionGuid = {F1EC2B02-8716-441E-AF52-8BE5CA22C0BD}
	EndGlobalSection
EndGlobal
